
Microsoft Visual Studio Solution File, Format Version 12.00
# Visual Studio Version 17
VisualStudioVersion = 17.13.35806.99 d17.13
MinimumVisualStudioVersion = 10.0.40219.1
Project("{FAE04EC0-301F-11D3-BF4B-00C04F79EFBC}") = "Estudiante", "Estudiante\Estudiante.csproj", "{389702F6-08D8-4265-8455-F0B88E41CEF3}"
EndProject
Global
	GlobalSection(SolutionConfigurationPlatforms) = preSolution
		Debug|Any CPU = Debug|Any CPU
		Release|Any CPU = Release|Any CPU
	EndGlobalSection
	GlobalSection(ProjectConfigurationPlatforms) = postSolution
		{389702F6-08D8-4265-8455-F0B88E41CEF3}.Debug|Any CPU.ActiveCfg = Debug|Any CPU
		{389702F6-08D8-4265-8455-F0B88E41CEF3}.Debug|Any CPU.Build.0 = Debug|Any CPU
		{389702F6-08D8-4265-8455-F0B88E41CEF3}.Release|Any CPU.ActiveCfg = Release|Any CPU
		{389702F6-08D8-4265-8455-F0B88E41CEF3}.Release|Any CPU.Build.0 = Release|Any CPU
	EndGlobalSection
	GlobalSection(SolutionProperties) = preSolution
		HideSolutionNode = FALSE
	EndGlobalSection
	GlobalSection(ExtensibilityGlobals) = postSolution
		SolutionGuid = {6F820916-3D28-440D-ACAD-6B4B688F649A}
	EndGlobalSection
EndGlobal
